
Microsoft Visual Studio Solution File, Format Version 12.00
# Visual Studio Version 16
VisualStudioVersion = 16.0.31205.134
MinimumVisualStudioVersion = 10.0.40219.1
Project("{FAE04EC0-301F-11D3-BF4B-00C04F79EFBC}") = "Dem5Abkin", "Dem5Baldin\Dem5Abkin.csproj", "{ADA98514-AEA4-47AC-8FE4-0D3BAF5A9661}"
EndProject
Global
	GlobalSection(SolutionConfigurationPlatforms) = preSolution
		Debug|Any CPU = Debug|Any CPU
		Release|Any CPU = Release|Any CPU
	EndGlobalSection
	GlobalSection(ProjectConfigurationPlatforms) = postSolution
		{ADA98514-AEA4-47AC-8FE4-0D3BAF5A9661}.Debug|Any CPU.ActiveCfg = Debug|Any CPU
		{ADA98514-AEA4-47AC-8FE4-0D3BAF5A9661}.Debug|Any CPU.Build.0 = Debug|Any CPU
		{ADA98514-AEA4-47AC-8FE4-0D3BAF5A9661}.Release|Any CPU.ActiveCfg = Release|Any CPU
		{ADA98514-AEA4-47AC-8FE4-0D3BAF5A9661}.Release|Any CPU.Build.0 = Release|Any CPU
	EndGlobalSection
	GlobalSection(SolutionProperties) = preSolution
		HideSolutionNode = FALSE
	EndGlobalSection
	GlobalSection(ExtensibilityGlobals) = postSolution
		SolutionGuid = {2B6CFDCB-FC5F-416F-BA95-D2FD7464D507}
	EndGlobalSection
EndGlobal
